
Microsoft Visual Studio Solution File, Format Version 12.00
# Visual Studio 2012
Project("{FAE04EC0-301F-11D3-BF4B-00C04F79EFBC}") = "TestBlocks", "TestBlocks\TestBlocks.csproj", "{F1335408-CCBC-4F5E-986D-FBB2DBE48636}"
EndProject
Global
	GlobalSection(SolutionConfigurationPlatforms) = preSolution
		Debug|Any CPU = Debug|Any CPU
		Release|Any CPU = Release|Any CPU
	EndGlobalSection
	GlobalSection(ProjectConfigurationPlatforms) = postSolution
		{F1335408-CCBC-4F5E-986D-FBB2DBE48636}.Debug|Any CPU.ActiveCfg = Debug|Any CPU
		{F1335408-CCBC-4F5E-986D-FBB2DBE48636}.Debug|Any CPU.Build.0 = Debug|Any CPU
		{F1335408-CCBC-4F5E-986D-FBB2DBE48636}.Release|Any CPU.ActiveCfg = Release|Any CPU
		{F1335408-CCBC-4F5E-986D-FBB2DBE48636}.Release|Any CPU.Build.0 = Release|Any CPU
	EndGlobalSection
	GlobalSection(SolutionProperties) = preSolution
		HideSolutionNode = FALSE
	EndGlobalSection
EndGlobal
